// !$*UTF8*$!
{
	archiveVersion = 1;
	classes = {
	};
	objectVersion = 48;
	objects = {

/* Begin PBXBuildFile section */
		465216CB1F97A2FE00D59428 /* AppDelegate.swift in Sources */ = {isa = PBXBuildFile; fileRef = 465216CA1F97A2FE00D59428 /* AppDelegate.swift */; };
		465216CD1F97A2FE00D59428 /* RecordSoundsViewController.swift in Sources */ = {isa = PBXBuildFile; fileRef = 465216CC1F97A2FE00D59428 /* RecordSoundsViewController.swift */; };
		465216D01F97A2FE00D59428 /* Main.storyboard in Resources */ = {isa = PBXBuildFile; fileRef = 465216CE1F97A2FE00D59428 /* Main.storyboard */; };
		465216D21F97A2FF00D59428 /* Assets.xcassets in Resources */ = {isa = PBXBuildFile; fileRef = 465216D11F97A2FF00D59428 /* Assets.xcassets */; };
		465216D51F97A2FF00D59428 /* LaunchScreen.storyboard in Resources */ = {isa = PBXBuildFile; fileRef = 465216D31F97A2FF00D59428 /* LaunchScreen.storyboard */; };
/* End PBXBuildFile section */

/* Begin PBXFileReference section */
		465216C71F97A2FE00D59428 /* PitchPerfectUdacity.app */ = {isa = PBXFileReference; explicitFileType = wrapper.application; includeInIndex = 0; path = PitchPerfectUdacity.app; sourceTree = BUILT_PRODUCTS_DIR; };
		465216CA1F97A2FE00D59428 /* AppDelegate.swift */ = {isa = PBXFileReference; lastKnownFileType = sourcecode.swift; path = AppDelegate.swift; sourceTree = "<group>"; };
		465216CC1F97A2FE00D59428 /* RecordSoundsViewController.swift */ = {isa = PBXFileReference; lastKnownFileType = sourcecode.swift; path = RecordSoundsViewController.swift; sourceTree = "<group>"; };
		465216CF1F97A2FE00D59428 /* Base */ = {isa = PBXFileReference; lastKnownFileType = file.storyboard; name = Base; path = Base.lproj/Main.storyboard; sourceTree = "<group>"; };
		465216D11F97A2FF00D59428 /* Assets.xcassets */ = {isa = PBXFileReference; lastKnownFileType = folder.assetcatalog; path = Assets.xcassets; sourceTree = "<group>"; };
		465216D41F97A2FF00D59428 /* Base */ = {isa = PBXFileReference; lastKnownFileType = file.storyboard; name = Base; path = Base.lproj/LaunchScreen.storyboard; sourceTree = "<group>"; };
		465216D61F97A2FF00D59428 /* Info.plist */ = {isa = PBXFileReference; lastKnownFileType = text.plist.xml; path = Info.plist; sourceTree = "<group>"; };
/* End PBXFileReference section */

/* Begin PBXFrameworksBuildPhase section */
		465216C41F97A2FE00D59428 /* Frameworks */ = {
			isa = PBXFrameworksBuildPhase;
			buildActionMask = 2147483647;
			files = (
			);
			runOnlyForDeploymentPostprocessing = 0;
		};
/* End PBXFrameworksBuildPhase section */

/* Begin PBXGroup section */
		465216BE1F97A2FE00D59428 = {
			isa = PBXGroup;
			children = (
				465216C91F97A2FE00D59428 /* PitchPerfectUdacity */,
				465216C81F97A2FE00D59428 /* Products */,
			);
			sourceTree = "<group>";
		};
		465216C81F97A2FE00D59428 /* Products */ = {
			isa = PBXGroup;
			children = (
				465216C71F97A2FE00D59428 /* PitchPerfectUdacity.app */,
			);
			name = Products;
			sourceTree = "<group>";
		};
		465216C91F97A2FE00D59428 /* PitchPerfectUdacity */ = {
			isa = PBXGroup;
			children = (
				465216CA1F97A2FE00D59428 /* AppDelegate.swift */,
				465216CC1F97A2FE00D59428 /* RecordSoundsViewController.swift */,
				465216CE1F97A2FE00D59428 /* Main.storyboard */,
				465216D11F97A2FF00D59428 /* Assets.xcassets */,
				465216D31F97A2FF00D59428 /* LaunchScreen.storyboard */,
				465216D61F97A2FF00D59428 /* Info.plist */,
			);
			path = PitchPerfectUdacity;
			sourceTree = "<group>";
		};
/* End PBXGroup section */

/* Begin PBXNativeTarget section */
		465216C61F97A2FE00D59428 /* PitchPerfectUdacity */ = {
			isa = PBXNativeTarget;
			buildConfigurationList = 465216D91F97A2FF00D59428 /* Build configuration list for PBXNativeTarget "PitchPerfectUdacity" */;
			buildPhases = (
				465216C31F97A2FE00D59428 /* Sources */,
				465216C41F97A2FE00D59428 /* Frameworks */,
				465216C51F97A2FE00D59428 /* Resources */,
			);
			buildRules = (
			);
			dependencies = (
			);
			name = PitchPerfectUdacity;
			productName = PitchPerfectUdacity;
			productReference = 465216C71F97A2FE00D59428 /* PitchPerfectUdacity.app */;
			productType = "com.apple.product-type.application";
		};
/* End PBXNativeTarget section */

/* Begin PBXProject section */
		465216BF1F97A2FE00D59428 /* Project object */ = {
			isa = PBXProject;
			attributes = {
				LastSwiftUpdateCheck = 0900;
				LastUpgradeCheck = 0900;
				ORGANIZATIONNAME = "Abel George";
				TargetAttributes = {
					465216C61F97A2FE00D59428 = {
						CreatedOnToolsVersion = 9.0.1;
						ProvisioningStyle = Automatic;
					};
				};
			};
			buildConfigurationList = 465216C21F97A2FE00D59428 /* Build configuration list for PBXProject "PitchPerfectUdacity" */;
			compatibilityVersion = "Xcode 8.0";
			developmentRegion = en;
			hasScannedForEncodings = 0;
			knownRegions = (
				en,
				Base,
			);
			mainGroup = 465216BE1F97A2FE00D59428;
			productRefGroup = 465216C81F97A2FE00D59428 /* Products */;
			projectDirPath = "";
			projectRoot = "";
			targets = (
				465216C61F97A2FE00D59428 /* PitchPerfectUdacity */,
			);
		};
/* End PBXProject section */

/* Begin PBXResourcesBuildPhase section */
		465216C51F97A2FE00D59428 /* Resources */ = {
			isa = PBXResourcesBuildPhase;
			buildActionMask = 2147483647;
			files = (
				465216D51F97A2FF00D59428 /* LaunchScreen.storyboard in Resources */,
				465216D21F97A2FF00D59428 /* Assets.xcassets in Resources */,
				465216D01F97A2FE00D59428 /* Main.storyboard in Resources */,
			);
			runOnlyForDeploymentPostprocessing = 0;
		};
/* End PBXResourcesBuildPhase section */

/* Begin PBXSourcesBuildPhase section */
		465216C31F97A2FE00D59428 /* Sources */ = {
			isa = PBXSourcesBuildPhase;
			buildActionMask = 2147483647;
			files = (
				465216CD1F97A2FE00D59428 /* RecordSoundsViewController.swift in Sources */,
				465216CB1F97A2FE00D59428 /* AppDelegate.swift in Sources */,
			);
			runOnlyForDeploymentPostprocessing = 0;
		};
/* End PBXSourcesBuildPhase section */

/* Begin PBXVariantGroup section */
		465216CE1F97A2FE00D59428 /* Main.storyboard */ = {
			isa = PBXVariantGroup;
			children = (
				465216CF1F97A2FE00D59428 /* Base */,
			);
			name = Main.storyboard;
			sourceTree = "<group>";
		};
		465216D31F97A2FF00D59428 /* LaunchScreen.storyboard */ = {
			isa = PBXVariantGroup;
			children = (
				465216D41F97A2FF00D59428 /* Base */,
			);
			name = LaunchScreen.storyboard;
			sourceTree = "<group>";
		};
/* End PBXVariantGroup section */

/* Begin XCBuildConfiguration section */
		465216D71F97A2FF00D59428 /* Debug */ = {
			isa = XCBuildConfiguration;
			buildSettings = {
				ALWAYS_SEARCH_USER_PATHS = NO;
				CLANG_ANALYZER_NONNULL = YES;
				CLANG_ANALYZER_NUMBER_OBJECT_CONVERSION = YES_AGGRESSIVE;
				CLANG_CXX_LANGUAGE_STANDARD = "gnu++14";
				CLANG_CXX_LIBRARY = "libc++";
				CLANG_ENABLE_MODULES = YES;
				CLANG_ENABLE_OBJC_ARC = YES;
				CLANG_WARN_BLOCK_CAPTURE_AUTORELEASING = YES;
				CLANG_WARN_BOOL_CONVERSION = YES;
				CLANG_WARN_COMMA = YES;
				CLANG_WARN_CONSTANT_CONVERSION = YES;
				CLANG_WARN_DIRECT_OBJC_ISA_USAGE = YES_ERROR;
				CLANG_WARN_DOCUMENTATION_COMMENTS = YES;
				CLANG_WARN_EMPTY_BODY = YES;
				CLANG_WARN_ENUM_CONVERSION = YES;
				CLANG_WARN_INFINITE_RECURSION = YES;
				CLANG_WARN_INT_CONVERSION = YES;
				CLANG_WARN_NON_LITERAL_NULL_CONVERSION = YES;
				CLANG_WARN_OBJC_LITERAL_CONVERSION = YES;
				CLANG_WARN_OBJC_ROOT_CLASS = YES_ERROR;
				CLANG_WARN_RANGE_LOOP_ANALYSIS = YES;
				CLANG_WARN_STRICT_PROTOTYPES = YES;
				CLANG_WARN_SUSPICIOUS_MOVE = YES;
				CLANG_WARN_UNGUARDED_AVAILABILITY = YES_AGGRESSIVE;
				CLANG_WARN_UNREACHABLE_CODE = YES;
				CLANG_WARN__DUPLICATE_METHOD_MATCH = YES;
				CODE_SIGN_IDENTITY = "iPhone Developer";
				COPY_PHASE_STRIP = NO;
				DEBUG_INFORMATION_FORMAT = dwarf;
				ENABLE_STRICT_OBJC_MSGSEND = YES;
				ENABLE_TESTABILITY = YES;
				GCC_C_LANGUAGE_STANDARD = gnu11;
				GCC_DYNAMIC_NO_PIC = NO;
				GCC_NO_COMMON_BLOCKS = YES;
				GCC_OPTIMIZATION_LEVEL = 0;
				GCC_PREPROCESSOR_DEFINITIONS = (
					"DEBUG=1",
					"$(inherited)",
				);
				GCC_WARN_64_TO_32_BIT_CONVERSION = YES;
				GCC_WARN_ABOUT_RETURN_TYPE = YES_ERROR;
				GCC_WARN_UNDECLARED_SELECTOR = YES;
				GCC_WARN_UNINITIALIZED_AUTOS = YES_AGGRESSIVE;
				GCC_WARN_UNUSED_FUNCTION = YES;
				GCC_WARN_UNUSED_VARIABLE = YES;
				IPHONEOS_DEPLOYMENT_TARGET = 11.0;
				MTL_ENABLE_DEBUG_INFO = YES;
				ONLY_ACTIVE_ARCH = YES;
				SDKROOT = iphoneos;
				SWIFT_ACTIVE_COMPILATION_CONDITIONS = DEBUG;
				SWIFT_OPTIMIZATION_LEVEL = "-Onone";
			};
			name = Debug;
		};
		465216D81F97A2FF00D59428 /* Release */ = {
			isa = XCBuildConfiguration;
			buildSettings = {
				ALWAYS_SEARCH_USER_PATHS = NO;
				CLANG_ANALYZER_NONNULL = YES;
				CLANG_ANALYZER_NUMBER_OBJECT_CONVERSION = YES_AGGRESSIVE;
				CLANG_CXX_LANGUAGE_STANDARD = "gnu++14";
				CLANG_CXX_LIBRARY = "libc++";
				CLANG_ENABLE_MODULES = YES;
				CLANG_ENABLE_OBJC_ARC = YES;
				CLANG_WARN_BLOCK_CAPTURE_AUTORELEASING = YES;
				CLANG_WARN_BOOL_CONVERSION = YES;
				CLANG_WARN_COMMA = YES;
				CLANG_WARN_CONSTANT_CONVERSION = YES;
				CLANG_WARN_DIRECT_OBJC_ISA_USAGE = YES_ERROR;
				CLANG_WARN_DOCUMENTATION_COMMENTS = YES;
				CLANG_WARN_EMPTY_BODY = YES;
				CLANG_WARN_ENUM_CONVERSION = YES;
				CLANG_WARN_INFINITE_RECURSION = YES;
				CLANG_WARN_INT_CONVERSION = YES;
				CLANG_WARN_NON_LITERAL_NULL_CONVERSION = YES;
				CLANG_WARN_OBJC_LITERAL_CONVERSION = YES;
				CLANG_WARN_OBJC_ROOT_CLASS = YES_ERROR;
				CLANG_WARN_RANGE_LOOP_ANALYSIS = YES;
				CLANG_WARN_STRICT_PROTOTYPES = YES;
				CLANG_WARN_SUSPICIOUS_MOVE = YES;
				CLANG_WARN_UNGUARDED_AVAILABILITY = YES_AGGRESSIVE;
				CLANG_WARN_UNREACHABLE_CODE = YES;
				CLANG_WARN__DUPLICATE_METHOD_MATCH = YES;
				CODE_SIGN_IDENTITY = "iPhone Developer";
				COPY_PHASE_STRIP = NO;
				DEBUG_INFORMATION_FORMAT = "dwarf-with-dsym";
				ENABLE_NS_ASSERTIONS = NO;
				ENABLE_STRICT_OBJC_MSGSEND = YES;
				GCC_C_LANGUAGE_STANDARD = gnu11;
				GCC_NO_COMMON_BLOCKS = YES;
				GCC_WARN_64_TO_32_BIT_CONVERSION = YES;
				GCC_WARN_ABOUT_RETURN_TYPE = YES_ERROR;
				GCC_WARN_UNDECLARED_SELECTOR = YES;
				GCC_WARN_UNINITIALIZED_AUTOS = YES_AGGRESSIVE;
				GCC_WARN_UNUSED_FUNCTION = YES;
				GCC_WARN_UNUSED_VARIABLE = YES;
				IPHONEOS_DEPLOYMENT_TARGET = 11.0;
				MTL_ENABLE_DEBUG_INFO = NO;
				SDKROOT = iphoneos;
				SWIFT_OPTIMIZATION_LEVEL = "-Owholemodule";
				VALIDATE_PRODUCT = YES;
			};
			name = Release;
		};
		465216DA1F97A2FF00D59428 /* Debug */ = {
			isa = XCBuildConfiguration;
			buildSettings = {
				ASSETCATALOG_COMPILER_APPICON_NAME = AppIcon;
				CODE_SIGN_STYLE = Automatic;
				DEVELOPMENT_TEAM = G725FVUK8X;
				INFOPLIST_FILE = PitchPerfectUdacity/Info.plist;
				LD_RUNPATH_SEARCH_PATHS = "$(inherited) @executable_path/Frameworks";
				PRODUCT_BUNDLE_IDENTIFIER = abelgeorge.PitchPerfectUdacity;
				PRODUCT_NAME = "$(TARGET_NAME)";
				SWIFT_VERSION = 4.0;
				TARGETED_DEVICE_FAMILY = "1,2";
			};
			name = Debug;
		};
		465216DB1F97A2FF00D59428 /* Release */ = {
			isa = XCBuildConfiguration;
			buildSettings = {
				ASSETCATALOG_COMPILER_APPICON_NAME = AppIcon;
				CODE_SIGN_STYLE = Automatic;
				DEVELOPMENT_TEAM = G725FVUK8X;
				INFOPLIST_FILE = PitchPerfectUdacity/Info.plist;
				LD_RUNPATH_SEARCH_PATHS = "$(inherited) @executable_path/Frameworks";
				PRODUCT_BUNDLE_IDENTIFIER = abelgeorge.PitchPerfectUdacity;
				PRODUCT_NAME = "$(TARGET_NAME)";
				SWIFT_VERSION = 4.0;
				TARGETED_DEVICE_FAMILY = "1,2";
			};
			name = Release;
		};
/* End XCBuildConfiguration section */

/* Begin XCConfigurationList section */
		465216C21F97A2FE00D59428 /* Build configuration list for PBXProject "PitchPerfectUdacity" */ = {
			isa = XCConfigurationList;
			buildConfigurations = (
				465216D71F97A2FF00D59428 /* Debug */,
				465216D81F97A2FF00D59428 /* Release */,
			);
			defaultConfigurationIsVisible = 0;
			defaultConfigurationName = Release;
		};
		465216D91F97A2FF00D59428 /* Build configuration list for PBXNativeTarget "PitchPerfectUdacity" */ = {
			isa = XCConfigurationList;
			buildConfigurations = (
				465216DA1F97A2FF00D59428 /* Debug */,
				465216DB1F97A2FF00D59428 /* Release */,
			);
			defaultConfigurationIsVisible = 0;
			defaultConfigurationName = Release;
		};
/* End XCConfigurationList section */
	};
	rootObject = 465216BF1F97A2FE00D59428 /* Project object */;
}
